{
    "_meta": {
        "hash": {
            "sha256": "f66f1cfbf0c95a5edf5c39c5859c2ebd5e6bb80d52010eed327b4ad8dfdbc49b"
        },
        "pipfile-spec": 6,
        "requires": {
            "python_version": "3.6"
        },
        "sources": [
            {
                "name": "pypi",
                "url": "https://pypi.org/simple",
                "verify_ssl": true
            }
        ]
    },
    "default": {
        "python-engineio": {
            "hashes": [
                "sha256:401458bb0046d950c429dac3ef82ce12e3ff1236f63b4bbb344d60a1b51c4e94",
                "sha256:f36d61d2ca29f4e2109a370911e2a38e1c968e63727c32ed3174599fbfb4e849"
            ],
            "markers": "python_version != '3.0.*' and python_version >= '2.6' and python_version != '3.1.*'",
            "version": "==3.2.3"
        },
        "python-socketio": {
            "hashes": [
                "sha256:026769945af5917b08233a4d0d78a22783920769c5e0410689be935c892df9db",
                "sha256:086a055b3ab6bbd16e206b90ca14cc25f2c3f697be17a9795fecadf3c907f8a0"
            ],
            "index": "pypi",
            "version": "==3.1.1"
        },
        "six": {
            "hashes": [
                "sha256:3350809f0555b11f552448330d0b52d5f24c91a322ea4a15ef22629740f3761c",
                "sha256:d16a0141ec1a18405cd4ce8b4613101da75da0e9a7aec5bdd4fa804d0e0eba73"
            ],
            "markers": "python_version != '3.0.*' and python_version >= '2.6' and python_version != '3.1.*'",
            "version": "==1.12.0"
        }
    },
    "develop": {}
}
